// !$*UTF8*$!
{
	archiveVersion = 1;
	classes = {
	};
	objectVersion = 50;
	objects = {

/* Begin PBXBuildFile section */
		A51E549320A176EB00743BAA /* AppDelegate.m in Sources */ = {isa = PBXBuildFile; fileRef = A51E549220A176EB00743BAA /* AppDelegate.m */; };
		A51E549620A176EB00743BAA /* ViewController.m in Sources */ = {isa = PBXBuildFile; fileRef = A51E549520A176EB00743BAA /* ViewController.m */; };
		A51E549920A176EB00743BAA /* Main.storyboard in Resources */ = {isa = PBXBuildFile; fileRef = A51E549720A176EB00743BAA /* Main.storyboard */; };
		A51E549B20A176EC00743BAA /* Assets.xcassets in Resources */ = {isa = PBXBuildFile; fileRef = A51E549A20A176EC00743BAA /* Assets.xcassets */; };
		A51E549E20A176EC00743BAA /* LaunchScreen.storyboard in Resources */ = {isa = PBXBuildFile; fileRef = A51E549C20A176EC00743BAA /* LaunchScreen.storyboard */; };
		A51E54A120A176EC00743BAA /* main.m in Sources */ = {isa = PBXBuildFile; fileRef = A51E54A020A176EC00743BAA /* main.m */; };
		A51E54AE20A1805400743BAA /* GYRollingNoticeView.m in Sources */ = {isa = PBXBuildFile; fileRef = A51E54AB20A1805400743BAA /* GYRollingNoticeView.m */; };
		A51E54AF20A1805400743BAA /* GYNoticeViewCell.m in Sources */ = {isa = PBXBuildFile; fileRef = A51E54AC20A1805400743BAA /* GYNoticeViewCell.m */; };
		A51E54B520A1814E00743BAA /* CustomNoticeCell.m in Sources */ = {isa = PBXBuildFile; fileRef = A51E54B420A1814E00743BAA /* CustomNoticeCell.m */; };
		A51E54B720A1816200743BAA /* CustomNoticeCell.xib in Resources */ = {isa = PBXBuildFile; fileRef = A51E54B620A1816200743BAA /* CustomNoticeCell.xib */; };
/* End PBXBuildFile section */

/* Begin PBXFileReference section */
		A51E548E20A176EB00743BAA /* gd.app */ = {isa = PBXFileReference; explicitFileType = wrapper.application; includeInIndex = 0; path = gd.app; sourceTree = BUILT_PRODUCTS_DIR; };
		A51E549120A176EB00743BAA /* AppDelegate.h */ = {isa = PBXFileReference; lastKnownFileType = sourcecode.c.h; path = AppDelegate.h; sourceTree = "<group>"; };
		A51E549220A176EB00743BAA /* AppDelegate.m */ = {isa = PBXFileReference; lastKnownFileType = sourcecode.c.objc; path = AppDelegate.m; sourceTree = "<group>"; };
		A51E549420A176EB00743BAA /* ViewController.h */ = {isa = PBXFileReference; lastKnownFileType = sourcecode.c.h; path = ViewController.h; sourceTree = "<group>"; };
		A51E549520A176EB00743BAA /* ViewController.m */ = {isa = PBXFileReference; lastKnownFileType = sourcecode.c.objc; path = ViewController.m; sourceTree = "<group>"; };
		A51E549820A176EB00743BAA /* Base */ = {isa = PBXFileReference; lastKnownFileType = file.storyboard; name = Base; path = Base.lproj/Main.storyboard; sourceTree = "<group>"; };
		A51E549A20A176EC00743BAA /* Assets.xcassets */ = {isa = PBXFileReference; lastKnownFileType = folder.assetcatalog; path = Assets.xcassets; sourceTree = "<group>"; };
		A51E549D20A176EC00743BAA /* Base */ = {isa = PBXFileReference; lastKnownFileType = file.storyboard; name = Base; path = Base.lproj/LaunchScreen.storyboard; sourceTree = "<group>"; };
		A51E549F20A176EC00743BAA /* Info.plist */ = {isa = PBXFileReference; lastKnownFileType = text.plist.xml; path = Info.plist; sourceTree = "<group>"; };
		A51E54A020A176EC00743BAA /* main.m */ = {isa = PBXFileReference; lastKnownFileType = sourcecode.c.objc; path = main.m; sourceTree = "<group>"; };
		A51E54AA20A1805400743BAA /* GYNoticeViewCell.h */ = {isa = PBXFileReference; fileEncoding = 4; lastKnownFileType = sourcecode.c.h; path = GYNoticeViewCell.h; sourceTree = "<group>"; };
		A51E54AB20A1805400743BAA /* GYRollingNoticeView.m */ = {isa = PBXFileReference; fileEncoding = 4; lastKnownFileType = sourcecode.c.objc; path = GYRollingNoticeView.m; sourceTree = "<group>"; };
		A51E54AC20A1805400743BAA /* GYNoticeViewCell.m */ = {isa = PBXFileReference; fileEncoding = 4; lastKnownFileType = sourcecode.c.objc; path = GYNoticeViewCell.m; sourceTree = "<group>"; };
		A51E54AD20A1805400743BAA /* GYRollingNoticeView.h */ = {isa = PBXFileReference; fileEncoding = 4; lastKnownFileType = sourcecode.c.h; path = GYRollingNoticeView.h; sourceTree = "<group>"; };
		A51E54B320A1814E00743BAA /* CustomNoticeCell.h */ = {isa = PBXFileReference; lastKnownFileType = sourcecode.c.h; path = CustomNoticeCell.h; sourceTree = "<group>"; };
		A51E54B420A1814E00743BAA /* CustomNoticeCell.m */ = {isa = PBXFileReference; lastKnownFileType = sourcecode.c.objc; path = CustomNoticeCell.m; sourceTree = "<group>"; };
		A51E54B620A1816200743BAA /* CustomNoticeCell.xib */ = {isa = PBXFileReference; lastKnownFileType = file.xib; path = CustomNoticeCell.xib; sourceTree = "<group>"; };
/* End PBXFileReference section */

/* Begin PBXFrameworksBuildPhase section */
		A51E548B20A176EB00743BAA /* Frameworks */ = {
			isa = PBXFrameworksBuildPhase;
			buildActionMask = 2147483647;
			files = (
			);
			runOnlyForDeploymentPostprocessing = 0;
		};
/* End PBXFrameworksBuildPhase section */

/* Begin PBXGroup section */
		A51E548520A176EB00743BAA = {
			isa = PBXGroup;
			children = (
				A51E549020A176EB00743BAA /* gd */,
				A51E548F20A176EB00743BAA /* Products */,
			);
			sourceTree = "<group>";
		};
		A51E548F20A176EB00743BAA /* Products */ = {
			isa = PBXGroup;
			children = (
				A51E548E20A176EB00743BAA /* gd.app */,
			);
			name = Products;
			sourceTree = "<group>";
		};
		A51E549020A176EB00743BAA /* gd */ = {
			isa = PBXGroup;
			children = (
				A51E54A920A1804700743BAA /* xxxx */,
				A51E549120A176EB00743BAA /* AppDelegate.h */,
				A51E549220A176EB00743BAA /* AppDelegate.m */,
				A51E549420A176EB00743BAA /* ViewController.h */,
				A51E549520A176EB00743BAA /* ViewController.m */,
				A51E549720A176EB00743BAA /* Main.storyboard */,
				A51E549A20A176EC00743BAA /* Assets.xcassets */,
				A51E549C20A176EC00743BAA /* LaunchScreen.storyboard */,
				A51E549F20A176EC00743BAA /* Info.plist */,
				A51E54A020A176EC00743BAA /* main.m */,
				A51E54B320A1814E00743BAA /* CustomNoticeCell.h */,
				A51E54B420A1814E00743BAA /* CustomNoticeCell.m */,
				A51E54B620A1816200743BAA /* CustomNoticeCell.xib */,
			);
			path = gd;
			sourceTree = "<group>";
		};
		A51E54A920A1804700743BAA /* xxxx */ = {
			isa = PBXGroup;
			children = (
				A51E54AA20A1805400743BAA /* GYNoticeViewCell.h */,
				A51E54AC20A1805400743BAA /* GYNoticeViewCell.m */,
				A51E54AD20A1805400743BAA /* GYRollingNoticeView.h */,
				A51E54AB20A1805400743BAA /* GYRollingNoticeView.m */,
			);
			path = xxxx;
			sourceTree = "<group>";
		};
/* End PBXGroup section */

/* Begin PBXNativeTarget section */
		A51E548D20A176EB00743BAA /* gd */ = {
			isa = PBXNativeTarget;
			buildConfigurationList = A51E54A420A176EC00743BAA /* Build configuration list for PBXNativeTarget "gd" */;
			buildPhases = (
				A51E548A20A176EB00743BAA /* Sources */,
				A51E548B20A176EB00743BAA /* Frameworks */,
				A51E548C20A176EB00743BAA /* Resources */,
			);
			buildRules = (
			);
			dependencies = (
			);
			name = gd;
			productName = gd;
			productReference = A51E548E20A176EB00743BAA /* gd.app */;
			productType = "com.apple.product-type.application";
		};
/* End PBXNativeTarget section */

/* Begin PBXProject section */
		A51E548620A176EB00743BAA /* Project object */ = {
			isa = PBXProject;
			attributes = {
				LastUpgradeCheck = 0930;
				ORGANIZATIONNAME = "金贝恩资本";
				TargetAttributes = {
					A51E548D20A176EB00743BAA = {
						CreatedOnToolsVersion = 9.3;
					};
				};
			};
			buildConfigurationList = A51E548920A176EB00743BAA /* Build configuration list for PBXProject "gd" */;
			compatibilityVersion = "Xcode 9.3";
			developmentRegion = en;
			hasScannedForEncodings = 0;
			knownRegions = (
				en,
				Base,
			);
			mainGroup = A51E548520A176EB00743BAA;
			productRefGroup = A51E548F20A176EB00743BAA /* Products */;
			projectDirPath = "";
			projectRoot = "";
			targets = (
				A51E548D20A176EB00743BAA /* gd */,
			);
		};
/* End PBXProject section */

/* Begin PBXResourcesBuildPhase section */
		A51E548C20A176EB00743BAA /* Resources */ = {
			isa = PBXResourcesBuildPhase;
			buildActionMask = 2147483647;
			files = (
				A51E549E20A176EC00743BAA /* LaunchScreen.storyboard in Resources */,
				A51E549B20A176EC00743BAA /* Assets.xcassets in Resources */,
				A51E54B720A1816200743BAA /* CustomNoticeCell.xib in Resources */,
				A51E549920A176EB00743BAA /* Main.storyboard in Resources */,
			);
			runOnlyForDeploymentPostprocessing = 0;
		};
/* End PBXResourcesBuildPhase section */

/* Begin PBXSourcesBuildPhase section */
		A51E548A20A176EB00743BAA /* Sources */ = {
			isa = PBXSourcesBuildPhase;
			buildActionMask = 2147483647;
			files = (
				A51E54B520A1814E00743BAA /* CustomNoticeCell.m in Sources */,
				A51E54AF20A1805400743BAA /* GYNoticeViewCell.m in Sources */,
				A51E54AE20A1805400743BAA /* GYRollingNoticeView.m in Sources */,
				A51E549620A176EB00743BAA /* ViewController.m in Sources */,
				A51E54A120A176EC00743BAA /* main.m in Sources */,
				A51E549320A176EB00743BAA /* AppDelegate.m in Sources */,
			);
			runOnlyForDeploymentPostprocessing = 0;
		};
/* End PBXSourcesBuildPhase section */

/* Begin PBXVariantGroup section */
		A51E549720A176EB00743BAA /* Main.storyboard */ = {
			isa = PBXVariantGroup;
			children = (
				A51E549820A176EB00743BAA /* Base */,
			);
			name = Main.storyboard;
			sourceTree = "<group>";
		};
		A51E549C20A176EC00743BAA /* LaunchScreen.storyboard */ = {
			isa = PBXVariantGroup;
			children = (
				A51E549D20A176EC00743BAA /* Base */,
			);
			name = LaunchScreen.storyboard;
			sourceTree = "<group>";
		};
/* End PBXVariantGroup section */

/* Begin XCBuildConfiguration section */
		A51E54A220A176EC00743BAA /* Debug */ = {
			isa = XCBuildConfiguration;
			buildSettings = {
				ALWAYS_SEARCH_USER_PATHS = NO;
				CLANG_ANALYZER_NONNULL = YES;
				CLANG_ANALYZER_NUMBER_OBJECT_CONVERSION = YES_AGGRESSIVE;
				CLANG_CXX_LANGUAGE_STANDARD = "gnu++14";
				CLANG_CXX_LIBRARY = "libc++";
				CLANG_ENABLE_MODULES = YES;
				CLANG_ENABLE_OBJC_ARC = YES;
				CLANG_ENABLE_OBJC_WEAK = YES;
				CLANG_WARN_BLOCK_CAPTURE_AUTORELEASING = YES;
				CLANG_WARN_BOOL_CONVERSION = YES;
				CLANG_WARN_COMMA = YES;
				CLANG_WARN_CONSTANT_CONVERSION = YES;
				CLANG_WARN_DEPRECATED_OBJC_IMPLEMENTATIONS = YES;
				CLANG_WARN_DIRECT_OBJC_ISA_USAGE = YES_ERROR;
				CLANG_WARN_DOCUMENTATION_COMMENTS = YES;
				CLANG_WARN_EMPTY_BODY = YES;
				CLANG_WARN_ENUM_CONVERSION = YES;
				CLANG_WARN_INFINITE_RECURSION = YES;
				CLANG_WARN_INT_CONVERSION = YES;
				CLANG_WARN_NON_LITERAL_NULL_CONVERSION = YES;
				CLANG_WARN_OBJC_IMPLICIT_RETAIN_SELF = YES;
				CLANG_WARN_OBJC_LITERAL_CONVERSION = YES;
				CLANG_WARN_OBJC_ROOT_CLASS = YES_ERROR;
				CLANG_WARN_RANGE_LOOP_ANALYSIS = YES;
				CLANG_WARN_STRICT_PROTOTYPES = YES;
				CLANG_WARN_SUSPICIOUS_MOVE = YES;
				CLANG_WARN_UNGUARDED_AVAILABILITY = YES_AGGRESSIVE;
				CLANG_WARN_UNREACHABLE_CODE = YES;
				CLANG_WARN__DUPLICATE_METHOD_MATCH = YES;
				CODE_SIGN_IDENTITY = "iPhone Developer";
				COPY_PHASE_STRIP = NO;
				DEBUG_INFORMATION_FORMAT = dwarf;
				ENABLE_STRICT_OBJC_MSGSEND = YES;
				ENABLE_TESTABILITY = YES;
				GCC_C_LANGUAGE_STANDARD = gnu11;
				GCC_DYNAMIC_NO_PIC = NO;
				GCC_NO_COMMON_BLOCKS = YES;
				GCC_OPTIMIZATION_LEVEL = 0;
				GCC_PREPROCESSOR_DEFINITIONS = (
					"DEBUG=1",
					"$(inherited)",
				);
				GCC_WARN_64_TO_32_BIT_CONVERSION = YES;
				GCC_WARN_ABOUT_RETURN_TYPE = YES_ERROR;
				GCC_WARN_UNDECLARED_SELECTOR = YES;
				GCC_WARN_UNINITIALIZED_AUTOS = YES_AGGRESSIVE;
				GCC_WARN_UNUSED_FUNCTION = YES;
				GCC_WARN_UNUSED_VARIABLE = YES;
				IPHONEOS_DEPLOYMENT_TARGET = 11.3;
				MTL_ENABLE_DEBUG_INFO = YES;
				ONLY_ACTIVE_ARCH = YES;
				SDKROOT = iphoneos;
			};
			name = Debug;
		};
		A51E54A320A176EC00743BAA /* Release */ = {
			isa = XCBuildConfiguration;
			buildSettings = {
				ALWAYS_SEARCH_USER_PATHS = NO;
				CLANG_ANALYZER_NONNULL = YES;
				CLANG_ANALYZER_NUMBER_OBJECT_CONVERSION = YES_AGGRESSIVE;
				CLANG_CXX_LANGUAGE_STANDARD = "gnu++14";
				CLANG_CXX_LIBRARY = "libc++";
				CLANG_ENABLE_MODULES = YES;
				CLANG_ENABLE_OBJC_ARC = YES;
				CLANG_ENABLE_OBJC_WEAK = YES;
				CLANG_WARN_BLOCK_CAPTURE_AUTORELEASING = YES;
				CLANG_WARN_BOOL_CONVERSION = YES;
				CLANG_WARN_COMMA = YES;
				CLANG_WARN_CONSTANT_CONVERSION = YES;
				CLANG_WARN_DEPRECATED_OBJC_IMPLEMENTATIONS = YES;
				CLANG_WARN_DIRECT_OBJC_ISA_USAGE = YES_ERROR;
				CLANG_WARN_DOCUMENTATION_COMMENTS = YES;
				CLANG_WARN_EMPTY_BODY = YES;
				CLANG_WARN_ENUM_CONVERSION = YES;
				CLANG_WARN_INFINITE_RECURSION = YES;
				CLANG_WARN_INT_CONVERSION = YES;
				CLANG_WARN_NON_LITERAL_NULL_CONVERSION = YES;
				CLANG_WARN_OBJC_IMPLICIT_RETAIN_SELF = YES;
				CLANG_WARN_OBJC_LITERAL_CONVERSION = YES;
				CLANG_WARN_OBJC_ROOT_CLASS = YES_ERROR;
				CLANG_WARN_RANGE_LOOP_ANALYSIS = YES;
				CLANG_WARN_STRICT_PROTOTYPES = YES;
				CLANG_WARN_SUSPICIOUS_MOVE = YES;
				CLANG_WARN_UNGUARDED_AVAILABILITY = YES_AGGRESSIVE;
				CLANG_WARN_UNREACHABLE_CODE = YES;
				CLANG_WARN__DUPLICATE_METHOD_MATCH = YES;
				CODE_SIGN_IDENTITY = "iPhone Developer";
				COPY_PHASE_STRIP = NO;
				DEBUG_INFORMATION_FORMAT = "dwarf-with-dsym";
				ENABLE_NS_ASSERTIONS = NO;
				ENABLE_STRICT_OBJC_MSGSEND = YES;
				GCC_C_LANGUAGE_STANDARD = gnu11;
				GCC_NO_COMMON_BLOCKS = YES;
				GCC_WARN_64_TO_32_BIT_CONVERSION = YES;
				GCC_WARN_ABOUT_RETURN_TYPE = YES_ERROR;
				GCC_WARN_UNDECLARED_SELECTOR = YES;
				GCC_WARN_UNINITIALIZED_AUTOS = YES_AGGRESSIVE;
				GCC_WARN_UNUSED_FUNCTION = YES;
				GCC_WARN_UNUSED_VARIABLE = YES;
				IPHONEOS_DEPLOYMENT_TARGET = 11.3;
				MTL_ENABLE_DEBUG_INFO = NO;
				SDKROOT = iphoneos;
				VALIDATE_PRODUCT = YES;
			};
			name = Release;
		};
		A51E54A520A176EC00743BAA /* Debug */ = {
			isa = XCBuildConfiguration;
			buildSettings = {
				ASSETCATALOG_COMPILER_APPICON_NAME = AppIcon;
				CODE_SIGN_STYLE = Automatic;
				INFOPLIST_FILE = gd/Info.plist;
				LD_RUNPATH_SEARCH_PATHS = (
					"$(inherited)",
					"@executable_path/Frameworks",
				);
				PRODUCT_BUNDLE_IDENTIFIER = com.jbn.gd;
				PRODUCT_NAME = "$(TARGET_NAME)";
				TARGETED_DEVICE_FAMILY = "1,2";
			};
			name = Debug;
		};
		A51E54A620A176EC00743BAA /* Release */ = {
			isa = XCBuildConfiguration;
			buildSettings = {
				ASSETCATALOG_COMPILER_APPICON_NAME = AppIcon;
				CODE_SIGN_STYLE = Automatic;
				INFOPLIST_FILE = gd/Info.plist;
				LD_RUNPATH_SEARCH_PATHS = (
					"$(inherited)",
					"@executable_path/Frameworks",
				);
				PRODUCT_BUNDLE_IDENTIFIER = com.jbn.gd;
				PRODUCT_NAME = "$(TARGET_NAME)";
				TARGETED_DEVICE_FAMILY = "1,2";
			};
			name = Release;
		};
/* End XCBuildConfiguration section */

/* Begin XCConfigurationList section */
		A51E548920A176EB00743BAA /* Build configuration list for PBXProject "gd" */ = {
			isa = XCConfigurationList;
			buildConfigurations = (
				A51E54A220A176EC00743BAA /* Debug */,
				A51E54A320A176EC00743BAA /* Release */,
			);
			defaultConfigurationIsVisible = 0;
			defaultConfigurationName = Release;
		};
		A51E54A420A176EC00743BAA /* Build configuration list for PBXNativeTarget "gd" */ = {
			isa = XCConfigurationList;
			buildConfigurations = (
				A51E54A520A176EC00743BAA /* Debug */,
				A51E54A620A176EC00743BAA /* Release */,
			);
			defaultConfigurationIsVisible = 0;
			defaultConfigurationName = Release;
		};
/* End XCConfigurationList section */
	};
	rootObject = A51E548620A176EB00743BAA /* Project object */;
}
